
Microsoft Visual Studio Solution File, Format Version 12.00
# Visual Studio Version 17
VisualStudioVersion = 17.7.34003.232
MinimumVisualStudioVersion = 10.0.40219.1
Project("{FAE04EC0-301F-11D3-BF4B-00C04F79EFBC}") = "Objects_Conway_David", "Objects_Conway_David.csproj", "{4168488F-53AB-44A6-8D4B-E9D07A945E81}"
EndProject
Global
	GlobalSection(SolutionConfigurationPlatforms) = preSolution
		Debug|Any CPU = Debug|Any CPU
		Release|Any CPU = Release|Any CPU
	EndGlobalSection
	GlobalSection(ProjectConfigurationPlatforms) = postSolution
		{4168488F-53AB-44A6-8D4B-E9D07A945E81}.Debug|Any CPU.ActiveCfg = Debug|Any CPU
		{4168488F-53AB-44A6-8D4B-E9D07A945E81}.Debug|Any CPU.Build.0 = Debug|Any CPU
		{4168488F-53AB-44A6-8D4B-E9D07A945E81}.Release|Any CPU.ActiveCfg = Release|Any CPU
		{4168488F-53AB-44A6-8D4B-E9D07A945E81}.Release|Any CPU.Build.0 = Release|Any CPU
	EndGlobalSection
	GlobalSection(SolutionProperties) = preSolution
		HideSolutionNode = FALSE
	EndGlobalSection
	GlobalSection(ExtensibilityGlobals) = postSolution
		SolutionGuid = {509F5C3A-9511-4A90-93B8-15B45FC3DB36}
	EndGlobalSection
EndGlobal
